
Microsoft Visual Studio Solution File, Format Version 12.00
# Visual Studio Version 17
VisualStudioVersion = 17.12.35506.116
MinimumVisualStudioVersion = 10.0.40219.1
Project("{FAE04EC0-301F-11D3-BF4B-00C04F79EFBC}") = "ProductGrpc.Server", "ProductGrpc.Server\ProductGrpc.Server.csproj", "{623C22AF-76CD-4DF1-973A-3C9CC99BE066}"
EndProject
Project("{FAE04EC0-301F-11D3-BF4B-00C04F79EFBC}") = "ProductGrpc.Client", "ProductGrpc.Client\ProductGrpc.Client.csproj", "{3B7DD9DF-57E8-4A60-B087-0C87958DE0A3}"
EndProject
Global
	GlobalSection(SolutionConfigurationPlatforms) = preSolution
		Debug|Any CPU = Debug|Any CPU
		Release|Any CPU = Release|Any CPU
	EndGlobalSection
	GlobalSection(ProjectConfigurationPlatforms) = postSolution
		{623C22AF-76CD-4DF1-973A-3C9CC99BE066}.Debug|Any CPU.ActiveCfg = Debug|Any CPU
		{623C22AF-76CD-4DF1-973A-3C9CC99BE066}.Debug|Any CPU.Build.0 = Debug|Any CPU
		{623C22AF-76CD-4DF1-973A-3C9CC99BE066}.Release|Any CPU.ActiveCfg = Release|Any CPU
		{623C22AF-76CD-4DF1-973A-3C9CC99BE066}.Release|Any CPU.Build.0 = Release|Any CPU
		{3B7DD9DF-57E8-4A60-B087-0C87958DE0A3}.Debug|Any CPU.ActiveCfg = Debug|Any CPU
		{3B7DD9DF-57E8-4A60-B087-0C87958DE0A3}.Debug|Any CPU.Build.0 = Debug|Any CPU
		{3B7DD9DF-57E8-4A60-B087-0C87958DE0A3}.Release|Any CPU.ActiveCfg = Release|Any CPU
		{3B7DD9DF-57E8-4A60-B087-0C87958DE0A3}.Release|Any CPU.Build.0 = Release|Any CPU
	EndGlobalSection
	GlobalSection(SolutionProperties) = preSolution
		HideSolutionNode = FALSE
	EndGlobalSection
EndGlobal
